
Microsoft Visual Studio Solution File, Format Version 12.00
# Visual Studio Version 17
VisualStudioVersion = 17.11.35219.272
MinimumVisualStudioVersion = 10.0.40219.1
Project("{FAE04EC0-301F-11D3-BF4B-00C04F79EFBC}") = "Store.G04.Api", "Store.G04.Api\Store.G04.Api.csproj", "{382915D6-A8B8-4645-AFD7-5F707514A70E}"
EndProject
Project("{FAE04EC0-301F-11D3-BF4B-00C04F79EFBC}") = "Store.G04.Core", "Store.G04.Core\Store.G04.Core.csproj", "{C48D7DD7-3AED-4B66-B154-72A4EFAD848A}"
EndProject
Project("{FAE04EC0-301F-11D3-BF4B-00C04F79EFBC}") = "Store.G04.Repository", "Store.G04.Repository\Store.G04.Repository.csproj", "{5062BDB7-7143-40AA-9524-5978ABF3FFF2}"
EndProject
Project("{FAE04EC0-301F-11D3-BF4B-00C04F79EFBC}") = "Store.G04.Service", "Store.G04.Service\Store.G04.Service.csproj", "{20B07165-BAA6-4B1D-9932-1A575472BCAC}"
EndProject
Global
	GlobalSection(SolutionConfigurationPlatforms) = preSolution
		Debug|Any CPU = Debug|Any CPU
		Release|Any CPU = Release|Any CPU
	EndGlobalSection
	GlobalSection(ProjectConfigurationPlatforms) = postSolution
		{382915D6-A8B8-4645-AFD7-5F707514A70E}.Debug|Any CPU.ActiveCfg = Debug|Any CPU
		{382915D6-A8B8-4645-AFD7-5F707514A70E}.Debug|Any CPU.Build.0 = Debug|Any CPU
		{382915D6-A8B8-4645-AFD7-5F707514A70E}.Release|Any CPU.ActiveCfg = Release|Any CPU
		{382915D6-A8B8-4645-AFD7-5F707514A70E}.Release|Any CPU.Build.0 = Release|Any CPU
		{C48D7DD7-3AED-4B66-B154-72A4EFAD848A}.Debug|Any CPU.ActiveCfg = Debug|Any CPU
		{C48D7DD7-3AED-4B66-B154-72A4EFAD848A}.Debug|Any CPU.Build.0 = Debug|Any CPU
		{C48D7DD7-3AED-4B66-B154-72A4EFAD848A}.Release|Any CPU.ActiveCfg = Release|Any CPU
		{C48D7DD7-3AED-4B66-B154-72A4EFAD848A}.Release|Any CPU.Build.0 = Release|Any CPU
		{5062BDB7-7143-40AA-9524-5978ABF3FFF2}.Debug|Any CPU.ActiveCfg = Debug|Any CPU
		{5062BDB7-7143-40AA-9524-5978ABF3FFF2}.Debug|Any CPU.Build.0 = Debug|Any CPU
		{5062BDB7-7143-40AA-9524-5978ABF3FFF2}.Release|Any CPU.ActiveCfg = Release|Any CPU
		{5062BDB7-7143-40AA-9524-5978ABF3FFF2}.Release|Any CPU.Build.0 = Release|Any CPU
		{20B07165-BAA6-4B1D-9932-1A575472BCAC}.Debug|Any CPU.ActiveCfg = Debug|Any CPU
		{20B07165-BAA6-4B1D-9932-1A575472BCAC}.Debug|Any CPU.Build.0 = Debug|Any CPU
		{20B07165-BAA6-4B1D-9932-1A575472BCAC}.Release|Any CPU.ActiveCfg = Release|Any CPU
		{20B07165-BAA6-4B1D-9932-1A575472BCAC}.Release|Any CPU.Build.0 = Release|Any CPU
	EndGlobalSection
	GlobalSection(SolutionProperties) = preSolution
		HideSolutionNode = FALSE
	EndGlobalSection
	GlobalSection(ExtensibilityGlobals) = postSolution
		SolutionGuid = {7039188F-633A-4418-921C-377AEE5D60F9}
	EndGlobalSection
EndGlobal
